version = 1
revision = 3
requires-python = ">=3.11"

[[package]]
name = "colorama"
version = "0.4.6"
source = { registry = "https://pypi.org/simple" }
sdist = { url = "https://files.pythonhosted.org/packages/d8/53/6f443c9a4a8358a93a6792e2acffb9d9d5cb0a5cfd8802644b7b1c9a02e4/colorama-0.4.6.tar.gz", hash = "sha256:08695f5cb7ed6e0531a20572697297273c47b8cae5a63ffc6d6ed5c201be6e44", size = 27697, upload-time = "2022-10-25T02:36:22.414Z" }
wheels = [
    { url = "https://files.pythonhosted.org/packages/d1/d6/3965ed04c63042e047cb6a3e6ed1a63a35087b6a609aa3a15ed8ac56c221/colorama-0.4.6-py2.py3-none-any.whl", hash = "sha256:4f1d9991f5acc0ca119f9d443620b77f9d6b33703e51011c16baf57afb285fc6", size = 25335, upload-time = "2022-10-25T02:36:20.889Z" },
]

[[package]]
name = "hidapi"
version = "0.15.0"
source = { registry = "https://pypi.org/simple" }
sdist = { url = "https://files.pythonhosted.org/packages/74/f6/caad9ed701fbb9223eb9e0b41a5514390769b4cb3084a2704ab69e9df0fe/hidapi-0.15.0.tar.gz", hash = "sha256:ecbc265cbe8b7b88755f421e0ba25f084091ec550c2b90ff9e8ddd4fcd540311", size = 184995, upload-time = "2025-12-09T09:48:54.129Z" }
wheels = [
    { url = "https://files.pythonhosted.org/packages/3b/c5/3cfa157e7d1fd6af5ad52ea6ea031b1c8da141c61a2506ad5cb3420afa7f/hidapi-0.15.0-cp311-cp311-macosx_10_9_x86_64.whl", hash = "sha256:53d018e6ac639a217c019c6dcd79a1d30c2401ac7a8147eedd11f2aa29307661", size = 70578, upload-time = "2025-12-09T09:45:05.497Z" },
    { url = "https://files.pythonhosted.org/packages/a5/7e/a43efc66b3b0a68058e76ad0cb2267ce9b30d9006dce10824f3c8b314b08/hidapi-0.15.0-cp311-cp311-macosx_11_0_arm64.whl", hash = "sha256:a11ef4b5ab0a2f36e35f44af394bff41cb645b03ce36c5b2f2c00873f112661f", size = 70233, upload-time = "2025-12-09T09:45:06.826Z" },
    { url = "https://files.pythonhosted.org/packages/6c/30/d8551d99528e0b7b2962cc76fb9a2b5990ea16aeb1457d1c3c61015d020f/hidapi-0.15.0-cp311-cp311-manylinux2014_x86_64.manylinux_2_17_x86_64.whl", hash = "sha256:e47d4fe13ddfc63fd1961974e10f3c7d50a57ae0bb73974e465cfe95dad5da18", size = 1070472, upload-time = "2025-12-09T09:45:16.322Z" },
    { url = "https://files.pythonhosted.org/packages/7c/26/433fc4e9efdfb9d1beb52e39ccdec265ae02003b1d2f8395aba3022b665b/hidapi-0.15.0-cp311-cp311-manylinux_2_28_aarch64.whl", hash = "sha256:f39917c9e9bea895384b1a8869159d808b4a53561af9b4f7c3148bdf6bfd97a0", size = 1602092, upload-time = "2025-12-09T09:45:08.274Z" },
    { url = "https://files.pythonhosted.org/packages/7e/13/911b757f6847a197ab5c978fe8dd55181035096a5659cf7183e013ed1ea2/hidapi-0.15.0-cp311-cp311-manylinux_2_28_i686.whl", hash = "sha256:f4d294fcd2551fb5b41d5f478a08e8945382e1d86d7d40320d02594922d6b667", size = 1677973, upload-time = "2025-12-09T09:45:10.357Z" },
    { url = "https://files.pythonhosted.org/packages/53/3f/cd92833886a15b34225bbd765ed1eb0270bc78b4cf6385e302c0e4bae494/hidapi-0.15.0-cp311-cp311-musllinux_1_2_aarch64.whl", hash = "sha256:68cb85467151a3d4aa6ab4e11ca89a87c2404a778dbccb8fb5ae51e998133bb3", size = 699789, upload-time = "2025-12-09T09:45:18.506Z" },
    { url = "https://files.pythonhosted.org/packages/e6/0e/9cdad5783bf1b2aea6667da37f2435b286750d650071dcc50b42834c8810/hidapi-0.15.0-cp311-cp311-musllinux_1_2_i686.whl", hash = "sha256:06fbcd7696ad768d7e9500b64e2ae742b5d90a2531b5aa8d355c0f049516a09d", size = 695983, upload-time = "2025-12-09T09:45:20.192Z" },
    { url = "https://files.pythonhosted.org/packages/86/ac/a57bc6e28d0dc1a0aed3dcc24302262ecbf2b723f9c4ba1af4ea51add5b4/hidapi-0.15.0-cp311-cp311-musllinux_1_2_x86_64.whl", hash = "sha256:221e3a0c181503061bfc4a672eccd9f86b1da1167b31914be00d919edfd6e1bf", size = 697710, upload-time = "2025-12-09T09:45:21.807Z" },
    { url = "https://files.pythonhosted.org/packages/53/40/6a45375a52027d8142e7acdaeab182a44ff6b818df41384019662eb4f351/hidapi-0.15.0-cp311-cp311-win32.whl", hash = "sha256:2c35bd9cc62227ec91047e36b260f75bdbf50814f3cf3c3b28648ac3ffabd9d7", size = 60070, upload-time = "2025-12-09T09:45:24.745Z" },
    { url = "https://files.pythonhosted.org/packages/4a/a9/8ad4e6423c7416eb8dd765327f3be67f083c985b41b9b48ef3061a64c5f2/hidapi-0.15.0-cp311-cp311-win_amd64.whl", hash = "sha256:c5f7ee9ce8e3373fdb7002497f16bc652d9d4acf20c91275877f55165caf6f0c", size = 67296, upload-time = "2025-12-09T09:45:23.313Z" },
    { url = "https://files.pythonhosted.org/packages/b3/fd/9076aba0736f339b71bda5ee26cb678c02420bf96c7ea5bd9ebcbaf0aa3c/hidapi-0.15.0-cp312-cp312-macosx_10_13_x86_64.whl", hash = "sha256:0b7eb950214191c936b5bdabaeaf1cab99c0dfc3ae3edc220e3c6d4547296053", size = 70157, upload-time = "2025-12-09T09:45:25.77Z" },
    { url = "https://files.pythonhosted.org/packages/4e/9c/9335957cb7e1ca1be997e97afe850f62a9ff0708015048b3871b553eed5c/hidapi-0.15.0-cp312-cp312-macosx_11_0_arm64.whl", hash = "sha256:27933e7f3da7007e5e8d0b25bcf48a79a74e802555e496bba2c7d87f8a77cd61", size = 69597, upload-time = "2025-12-09T09:45:26.707Z" },
    { url = "https://files.pythonhosted.org/packages/de/bc/0eb92f4f238adc8edc3decb859662cf87e302b0a6ecdabe0e4d0560eb5fd/hidapi-0.15.0-cp312-cp312-manylinux2014_x86_64.manylinux_2_17_x86_64.whl", hash = "sha256:cfdbc74d5c4b5fdeef58a246d80f7dbf4ca33fe741c889505a4a350dd2eb54fb", size = 1082139, upload-time = "2025-12-09T09:45:32.799Z" },
    { url = "https://files.pythonhosted.org/packages/03/04/856827cfecaa89091ed470f697e3f9cfb172fc852960e6b902e765d7d650/hidapi-0.15.0-cp312-cp312-manylinux_2_28_aarch64.whl", hash = "sha256:4b7b6207c1c7df3524e9d4019c7196547327636e9924010b9b0bf0c40029e329", size = 1620074, upload-time = "2025-12-09T09:45:28.573Z" },
    { url = "https://files.pythonhosted.org/packages/fa/63/1338cf0e273d95e07202e391b17198f27bd2cfef71348707eac98cd8db2b/hidapi-0.15.0-cp312-cp312-manylinux_2_28_i686.whl", hash = "sha256:908e4b8c35041aa800b51094fd9fbaa5d6161bfb71e55821f43c6433f54e2865", size = 1689689, upload-time = "2025-12-09T09:45:31.195Z" },
    { url = "https://files.pythonhosted.org/packages/84/08/28ce99698e14bb6bdf9d0dcf7ab45ab86d8bade894885aa15bb3fa43bcc1/hidapi-0.15.0-cp312-cp312-musllinux_1_2_aarch64.whl", hash = "sha256:f9356fffebf723ccfbf0f9370d3725de37b3e2f1f6bffc40c3466f854542861c", size = 713596, upload-time = "2025-12-09T09:45:34.564Z" },
    { url = "https://files.pythonhosted.org/packages/a5/16/23e446e2d0ad0d75de149d94f8e6313329aec4d7c18d027e56f5a386779e/hidapi-0.15.0-cp312-cp312-musllinux_1_2_i686.whl", hash = "sha256:fd082e13ca92bbd7a4ec65d9fbd9ef06ecd71798ce9f036b7144b3d498623a7e", size = 697243, upload-time = "2025-12-09T09:45:36.537Z" },
    { url = "https://files.pythonhosted.org/packages/af/ef/e2fa4d795235eb09951f806bbfdbd766d1be805df448d67918e828b7cb31/hidapi-0.15.0-cp312-cp312-musllinux_1_2_x86_64.whl", hash = "sha256:35eb5797d86306bd67aee80ad8973ab0a0b4e6d54018d3efb328767d0e8c9373", size = 717599, upload-time = "2025-12-09T09:45:37.825Z" },
    { url = "https://files.pythonhosted.org/packages/e7/a7/9b7fe9acd09ed90d702f8cc01190ab53e01d5022c21808b079144bc9017d/hidapi-0.15.0-cp312-cp312-win32.whl", hash = "sha256:ce6f99554dae15c48cd89a12d5aede77a92a8bd184b45d0b257a17c97e053cdb", size = 60136, upload-time = "2025-12-09T09:45:40.612Z" },
    { url = "https://files.pythonhosted.org/packages/7f/35/f9e2d3ead60b573140546b041dd41c78a48c0e6b573d61a03130adccd32e/hidapi-0.15.0-cp312-cp312-win_amd64.whl", hash = "sha256:9abc71a62bf8a8f1d70a6fd3613f86feb37ddb67e05ed934e734df79e27bf4f6", size = 67073, upload-time = "2025-12-09T09:45:39.261Z" },
    { url = "https://files.pythonhosted.org/packages/d1/19/bda2dce4af8b8028e6d611d5caf60e223a4d32a638d1155eefdc6d8f2462/hidapi-0.15.0-cp313-cp313-macosx_10_13_x86_64.whl", hash = "sha256:f336dd2dc308928d54a6fdce137814a941a3633ad6722919d7a3142dd99005c2", size = 69045, upload-time = "2025-12-09T09:45:41.534Z" },
    { url = "https://files.pythonhosted.org/packages/1b/18/9b7d6b6a7561654b9b0d7b22fba9c5c971b36f5fc541b04e02d71928349d/hidapi-0.15.0-cp313-cp313-macosx_11_0_arm64.whl", hash = "sha256:8017f2213810c3e57d9ab64c2328c593a1129b25804240108a6451fe35cde193", size = 68755, upload-time = "2025-12-09T09:45:42.464Z" },
    { url = "https://files.pythonhosted.org/packages/f1/b0/f144cee5ce9e45518d234fd07c7a4f9a66de3a78ed42bf9f3f4083165e10/hidapi-0.15.0-cp313-cp313-manylinux2014_x86_64.manylinux_2_17_x86_64.whl", hash = "sha256:208c7fc89f78c3448d55957c3e12893778aa91218ed7dc22697e554f091fe4fe", size = 1072286, upload-time = "2025-12-09T09:45:47.236Z" },
    { url = "https://files.pythonhosted.org/packages/47/bf/7fee015cc48b719bd40c6416f65084a900e7889f0cf52fcfedb9be107b10/hidapi-0.15.0-cp313-cp313-manylinux_2_28_aarch64.whl", hash = "sha256:90f8bd963ae43a44036af5d689d090fab0e3eb52861186e4d2b863dd910a2726", size = 1609789, upload-time = "2025-12-09T09:45:44.112Z" },
    { url = "https://files.pythonhosted.org/packages/d3/b6/ac33532711c2ecda5a22d8b2db3223c8a13f16db6d2793ee73a809cca5b6/hidapi-0.15.0-cp313-cp313-manylinux_2_28_i686.whl", hash = "sha256:cd6edc7af885755163f4ffb29639c14f8a4ad5cca13ed641e47aa11f9646d8b6", size = 1680636, upload-time = "2025-12-09T09:45:45.67Z" },
    { url = "https://files.pythonhosted.org/packages/a3/e1/5b4426b8a77f9efbef70c0dbc1d64602d36ea8878f76c3607959901c978c/hidapi-0.15.0-cp313-cp313-musllinux_1_2_aarch64.whl", hash = "sha256:6ef0f80b2ff32ba446c9a2d4bfca6623ab5f0c05d742a0161ea1f7af2dc33b12", size = 708617, upload-time = "2025-12-09T09:45:48.874Z" },
    { url = "https://files.pythonhosted.org/packages/bb/a6/1ecdadc3e19f6755eed40f2111f447ec071e3d4f5f4f99b95d26a6d67219/hidapi-0.15.0-cp313-cp313-musllinux_1_2_i686.whl", hash = "sha256:6106d10873c1e465a2764e979fb96ec0d16bb926eedac829310830f90816cc76", size = 689589, upload-time = "2025-12-09T09:45:50.328Z" },
    { url = "https://files.pythonhosted.org/packages/d6/02/579af4220acdde5ab76d091edaa92f62e110f89131a56b11856f77779607/hidapi-0.15.0-cp313-cp313-musllinux_1_2_x86_64.whl", hash = "sha256:4f7a710df215ea3b53a81029488f78e7303b83f01a2e8478db20d7c9756588dd", size = 710213, upload-time = "2025-12-09T09:45:51.747Z" },
    { url = "https://files.pythonhosted.org/packages/f9/c7/52f2d903a607f024086829349383dcc7f0c22533fc242f26f9754eba2f06/hidapi-0.15.0-cp313-cp313-win32.whl", hash = "sha256:e4ddb57e71e2b8aca2c685b94b8587dc7d7cfae3c529a7c4076ba0775eb28d4a", size = 59749, upload-time = "2025-12-09T09:45:53.882Z" },
    { url = "https://files.pythonhosted.org/packages/d9/00/7dd3f866a748b0c9eb4adedaa025ec8c533ed1946e9e918661c948a5c0f4/hidapi-0.15.0-cp313-cp313-win_amd64.whl", hash = "sha256:04e0c1ed6d742bc6e1d00599394bec6b2afb8ee2fc5a0a183d3c4c2d4e315c34", size = 66362, upload-time = "2025-12-09T09:45:52.797Z" },
    { url = "https://files.pythonhosted.org/packages/0a/65/e9c70deb396f5baea92cd2ea7803914a55d455c3982367bae4390483e6cc/hidapi-0.15.0-cp314-cp314-macosx_10_15_x86_64.whl", hash = "sha256:0a6bb079bcd5152dd8968893aecdcbde3954b849896078f54df2254c0d1f301e", size = 69532, upload-time = "2025-12-09T09:45:55.269Z" },
    { url = "https://files.pythonhosted.org/packages/05/eb/d006a7e28ec63b5db76340e4aca6ff077ad336f8fbe64ac804b968927011/hidapi-0.15.0-cp314-cp314-macosx_11_0_arm64.whl", hash = "sha256:d80c745d285dfc9889e856226daa8eee6f9e83025ef2cb97e5fe0b1396f7818a", size = 69350, upload-time = "2025-12-09T09:45:56.695Z" },
    { url = "https://files.pythonhosted.org/packages/52/2b/95e7595eb61982c651ed2b3ecd9bae05a0298b668c801a992e4e814b22f2/hidapi-0.15.0-cp314-cp314-manylinux2014_x86_64.manylinux_2_17_x86_64.whl", hash = "sha256:b0f4411fd479345ca86742d9dda77200476a902749d8e47ed438f31ec98af418", size = 1065210, upload-time = "2025-12-09T09:46:02.484Z" },
    { url = "https://files.pythonhosted.org/packages/c7/a5/0344a7c223c3610510ec7f91f7220b0e5852c92d52aff23377f1c2888880/hidapi-0.15.0-cp314-cp314-manylinux_2_28_aarch64.whl", hash = "sha256:d93f7173dcbec61b928f4cf800bf26535f81ef3b7bd89199237207f6ca7e4f43", size = 1610362, upload-time = "2025-12-09T09:45:58.533Z" },
    { url = "https://files.pythonhosted.org/packages/d9/96/781212cf852705bc1db26edd4340b01b9ce04cadd5d327c00b64f7324978/hidapi-0.15.0-cp314-cp314-manylinux_2_28_i686.whl", hash = "sha256:dacf0b9e5d776fde69b92d68c09ab878a09486629e1fe8e6ae851252b0f33ce5", size = 1680942, upload-time = "2025-12-09T09:46:00.971Z" },
    { url = "https://files.pythonhosted.org/packages/d1/48/6d51a37d3a81355740a82cd265d4fc8485a0a279e4b545cbf790bd106f51/hidapi-0.15.0-cp314-cp314-musllinux_1_2_aarch64.whl", hash = "sha256:bda6ce04a77662e77a4b6b2598211935ca281e1cf663248d54bce75bd684fed8", size = 707550, upload-time = "2025-12-09T09:46:03.993Z" },
    { url = "https://files.pythonhosted.org/packages/86/77/175efa84ecea161c70948dc67b412b7444c2a196e4def8b305cb756077c6/hidapi-0.15.0-cp314-cp314-musllinux_1_2_i686.whl", hash = "sha256:74900b5c7e884e0e4316d4deb746e5dd294b5aaaf90eac056c4f9f19cf2c8097", size = 689865, upload-time = "2025-12-09T09:46:05.976Z" },
    { url = "https://files.pythonhosted.org/packages/7e/29/0e513390a8d686448672fabd30385f9cda6e01663765851d0cef88e6f0b1/hidapi-0.15.0-cp314-cp314-musllinux_1_2_x86_64.whl", hash = "sha256:76236468509dfcb256fa0fbd5a73708c598b3819695b7d08499ae489c82116b6", size = 706809, upload-time = "2025-12-09T09:46:07.309Z" },
    { url = "https://files.pythonhosted.org/packages/a2/d6/c0b9d8568fdb38eebb9caaa56643a81d92cccb5d59a5b44e0d975a0f3808/hidapi-0.15.0-cp314-cp314-win32.whl", hash = "sha256:901c03817306eac7edd589f09e0e07467871b45f665949cc4caa645b54abc97b", size = 61089, upload-time = "2025-12-09T09:46:09.59Z" },
    { url = "https://files.pythonhosted.org/packages/cb/14/3b27516b2867e53545164ebd8ef45d0c36857d2a062036e788e56e2e34ce/hidapi-0.15.0-cp314-cp314-win_amd64.whl", hash = "sha256:df0dd435562654e27ad0c7d045074eb1e1e016b09167dd48a258dec1ce4b9127", size = 67710, upload-time = "2025-12-09T09:46:08.677Z" },
    { url = "https://files.pythonhosted.org/packages/97/8f/ff034661faf99acaabe8954fb7db87c5242c79bf763dd972b23b1be5f104/hidapi-0.15.0-cp314-cp314t-macosx_10_15_x86_64.whl", hash = "sha256:2f16e9ea8a1d24ac7a6bf316905823eafd58f78ec815a93118d4710faf95a224", size = 70893, upload-time = "2025-12-09T09:46:10.625Z" },
    { url = "https://files.pythonhosted.org/packages/d8/44/617666a0919d06521d732ef07998306b8ddcbd96038e19348c831acd76e8/hidapi-0.15.0-cp314-cp314t-macosx_11_0_arm64.whl", hash = "sha256:77f0965ca81a9be44694e84aa18e501d5cda49e372202a38a52d22acc38deadd", size = 71430, upload-time = "2025-12-09T09:46:11.648Z" },
    { url = "https://files.pythonhosted.org/packages/64/64/129aed49fa45b6a5e2fd955618eebe93ff7e3889f05237da6b45051c77bb/hidapi-0.15.0-cp314-cp314t-manylinux2014_x86_64.manylinux_2_17_x86_64.whl", hash = "sha256:541c85b8225ce19b38ceacd404283ca1857345ccfa7ca12f54131203ff2d7f75", size = 1094257, upload-time = "2025-12-09T09:46:17.529Z" },
    { url = "https://files.pythonhosted.org/packages/17/ca/266ca521ff643957823a7f04a67030f6d2917e86e31c60c3d4878cd6b913/hidapi-0.15.0-cp314-cp314t-manylinux_2_28_aarch64.whl", hash = "sha256:89f909a6783307c2f067e8e7948f38ec43386f15d04759d11e5b32e3b2fdf3d8", size = 1663756, upload-time = "2025-12-09T09:46:13.403Z" },
    { url = "https://files.pythonhosted.org/packages/38/de/eb9d0fe6d9ccd2645e993930cc7fdeb6e12ddcdec086f3ef7dec947286ca/hidapi-0.15.0-cp314-cp314t-manylinux_2_28_i686.whl", hash = "sha256:fd32f311633fad21a52e750775cd4ea23da912199c63d1331f4d8ae00ab0874b", size = 1710998, upload-time = "2025-12-09T09:46:15.68Z" },
    { url = "https://files.pythonhosted.org/packages/07/43/e5c0cd80df4a65a468b7a9fc6891ea77435a75e64bb273104c37f12e05b3/hidapi-0.15.0-cp314-cp314t-musllinux_1_2_aarch64.whl", hash = "sha256:8f7ca38699557ab057333f1628a346073ae6088c09897b2cd9fbc68f4896780c", size = 751383, upload-time = "2025-12-09T09:46:19.183Z" },
    { url = "https://files.pythonhosted.org/packages/8c/8f/033e19857bcc3ad1b9880b5c0dfbaa7c945e577b7dee18919c1b2478484d/hidapi-0.15.0-cp314-cp314t-musllinux_1_2_i686.whl", hash = "sha256:1c4e707c82629637a311fa1a7adc1ae1386de7b539e84b4e37125e52e449318d", size = 722837, upload-time = "2025-12-09T09:46:20.707Z" },
    { url = "https://files.pythonhosted.org/packages/ff/f0/2b4e7ff42cdc6a6bf7def0591dfd3854af81038a1925ac1ed7a96578e834/hidapi-0.15.0-cp314-cp314t-musllinux_1_2_x86_64.whl", hash = "sha256:cc99bb16b359023190bf857297f6492a1c8441ccacff66dac881c9e278f5c262", size = 750923, upload-time = "2025-12-09T09:46:23.161Z" },
    { url = "https://files.pythonhosted.org/packages/bd/eb/c0676ff1f7e9ec9d99eaa428c66745cdab5b1742808f0c16061c85bd0b18/hidapi-0.15.0-cp314-cp314t-win32.whl", hash = "sha256:005c84c74c940a314b211674edc763a931ace0b63685ace88148496f563e25f9", size = 66288, upload-time = "2025-12-09T09:46:25.246Z" },
    { url = "https://files.pythonhosted.org/packages/cd/5b/f22dbf886824559d3e66d84710c5fb48c09856e6816885da97f2f51700eb/hidapi-0.15.0-cp314-cp314t-win_amd64.whl", hash = "sha256:e384430363d400c4ffb33fe65f22a61c9f288a870158dc5a9f5c9d917b7250c7", size = 74723, upload-time = "2025-12-09T09:46:24.36Z" },
]

[[package]]
name = "iniconfig"
version = "2.3.1"
source = { registry = "https://pypi.org/simple" }
sdist = { url = "https://files.pythonhosted.org/packages/01/e1/2069291243c926a2ff1cd706c7f3eeb9b62144bf60f77c9fb9ff2fb26bd3/iniconfig-2.3.1.tar.gz", hash = "sha256:67f4b9c50da0dedf52af349e7749a80a9057a5031199791b906c3bb3ae878960", size = 21209, upload-time = "2026-10-06T22:48:38.076Z" }
wheels = [
    { url = "https://files.pythonhosted.org/packages/56/43/4ca9e49d27a1fcf6bece6f6aec0ea46bb9112489b93d4b688fb415457bdb/iniconfig-2.3.1-py3-none-any.whl", hash = "sha256:9121e2c1fdb355232495be3194c8dfe87ccc2d5dee45947b78e68f499790d7a7", size = 7552, upload-time = "2026-10-06T22:48:36.959Z" },
]

[[package]]
name = "nape-cli"
version = "0.1.0"
source = { editable = "." }

[package.optional-dependencies]
dev = [
    { name = "pytest" },
    { name = "ruff" },
    { name = "ty" },
]
hardware = [
    { name = "hidapi" },
]

[package.metadata]
requires-dist = [
    { name = "hidapi", marker = "extra == 'hardware'", specifier = ">=0.14" },
    { name = "pytest", marker = "extra == 'dev'", specifier = ">=8" },
    { name = "ruff", marker = "extra == 'dev'", specifier = ">=0.9" },
    { name = "ty", marker = "extra == 'dev'", specifier = ">=0.0.1" },
]
provides-extras = ["hardware", "dev"]

[[package]]
name = "packaging"
version = "26.3"
source = { registry = "https://pypi.org/simple" }
sdist = { url = "https://files.pythonhosted.org/packages/7d/fa/3944b40b07da9ce895c0e6303a5ab7d53da063554f534556b134a54d6093/packaging-26.3.tar.gz", hash = "sha256:94edc256424af38762eb31306eed28beb9f0efc50a8837492c9d6fd6004aed79", size = 313412, upload-time = "2026-08-04T18:15:28.737Z" }
wheels = [
    { url = "https://files.pythonhosted.org/packages/63/34/ba1c580383c9eada3711951fef0795c80b829a078d72188184bcab9dd527/packaging-26.3-py3-none-any.whl", hash = "sha256:d7193f7c8e4e93f444fde0262bf90af30e16fa0ad0ad44cb553c87339b23cd1c", size = 129956, upload-time = "2026-08-04T18:15:27.159Z" },
]

[[package]]
name = "pluggy"
version = "1.6.0"
source = { registry = "https://pypi.org/simple" }
sdist = { url = "https://files.pythonhosted.org/packages/f9/e2/3e91f31a7d2b083fe6ef3fa267035b518369d9511ffab804f839851d2779/pluggy-1.6.0.tar.gz", hash = "sha256:7dcc130b76258d33b90f61b658791dede3486c3e6bfb003ee5c9bfb396dd22f3", size = 69412, upload-time = "2025-05-15T12:30:07.975Z" }
wheels = [
    { url = "https://files.pythonhosted.org/packages/54/20/4d324d65cc6d9205fabedc306948156824eb9f0ee1633355a8f7ec5c66bf/pluggy-1.6.0-py3-none-any.whl", hash = "sha256:e920276dd6813095e9377c0bc5566d94c932c33b27a3e3945d8389c374dd4746", size = 20538, upload-time = "2025-05-15T12:30:06.134Z" },
]

[[package]]
name = "pygments"
version = "2.21.0"
source = { registry = "https://pypi.org/simple" }
sdist = { url = "https://files.pythonhosted.org/packages/49/2e/ced460408999b33da6b31b0021b0f37d329e202d4169aeb164493778f25b/pygments-2.21.0.tar.gz", hash = "sha256:610ca751c9bc2492b38eb9a38a7fbc93edbbb2d7182edaf34e66ae493dee5c8c", size = 5005329, upload-time = "2026-08-17T08:02:48.824Z" }
wheels = [
    { url = "https://files.pythonhosted.org/packages/71/46/17f022dd3e953bf20a04a028a21ec746d942f8d2af30fa0f124fa0e6a684/pygments-2.21.0-py3-none-any.whl", hash = "sha256:2363c69b61c4a97c838da3b130dcd6468f4848992b21a82f2a63ec34377137d9", size = 1250147, upload-time = "2026-08-17T08:02:44.912Z" },
]

[[package]]
name = "pytest"
version = "9.1.1"
source = { registry = "https://pypi.org/simple" }
dependencies = [
    { name = "colorama", marker = "sys_platform == 'win32'" },
    { name = "iniconfig" },
    { name = "packaging" },
    { name = "pluggy" },
    { name = "pygments" },
]
sdist = { url = "https://files.pythonhosted.org/packages/e4/47/b9efed96c114afcfa3c9d3fe98a76a1d14c74a9e266d397cf6eb64be5e01/pytest-9.1.1.tar.gz", hash = "sha256:1088fbde8f2b49d95a549a195707afa7a76a3ce9bcadc26b6d71f0ffda5fe313", size = 1636369, upload-time = "2026-06-19T10:58:32.857Z" }
wheels = [
    { url = "https://files.pythonhosted.org/packages/24/25/1de2678b631f5a49215c6c96fff41ba892b0a34df68d6d80292b1b48aa7f/pytest-9.1.1-py3-none-any.whl", hash = "sha256:37a86b45efb9a47a61a36449063e8e18d0cab3161329fc099eb21783169c4f0c", size = 386536, upload-time = "2026-06-19T10:58:31.347Z" },
]

[[package]]
name = "ruff"
version = "0.16.10"
source = { registry = "https://pypi.org/simple" }
sdist = { url = "https://files.pythonhosted.org/packages/c4/49/23802c45f093eb14bde54b141d2b2f058edfa63a06db7beed047308cc08f/ruff-0.16.10.tar.gz", hash = "sha256:eff4728c4eaae93f0955cd264d24b2ab348e74bf59986ccf282ba6dc16b3b017", size = 4958724, upload-time = "2026-10-01T18:03:21.697Z" }
wheels = [
    { url = "https://files.pythonhosted.org/packages/2f/21/ebce22e1d90cdb2cd691026b9c6e9bec6499f0b396089481755b5d49efff/ruff-0.16.10-py3-none-linux_armv6l.whl", hash = "sha256:488b0fe3f3574210e5cf80d9f59b9e3ab17a127a8155de3f307b392589cfb511", size = 10095557, upload-time = "2026-10-01T18:02:36.072Z" },
    { url = "https://files.pythonhosted.org/packages/cb/98/a54de85876a8b2612bfa0d84c7b9abfb39c6a3354aee7800b09c1649b9e3/ruff-0.16.10-py3-none-macosx_10_12_x86_64.whl", hash = "sha256:e748ff95c934c4e978783b8e687bc174e7bd84e8ad24e3243e1ecfcda5e0282d", size = 10340577, upload-time = "2026-10-01T18:02:39.258Z" },
    { url = "https://files.pythonhosted.org/packages/9f/16/1a5a4a2657effe4806110f2b907313802f1367fcdbb29e8122766e407fab/ruff-0.16.10-py3-none-macosx_11_0_arm64.whl", hash = "sha256:3031a4a2e8e7b8a46f70be45f198c35a11ece509a94b80334d8d397a33c67550", size = 9774282, upload-time = "2026-10-01T18:02:41.79Z" },
    { url = "https://files.pythonhosted.org/packages/6e/fb/470085af734da396e68cd80fb0a3e7c109a459716ae59588c0f6fab8a17d/ruff-0.16.10-py3-none-manylinux_2_17_aarch64.manylinux2014_aarch64.whl", hash = "sha256:494401c86df4c4c25f69b9419605d944467ee98c42fb6ad405ef4fa40b8fb67d", size = 9920895, upload-time = "2026-10-01T18:02:44.458Z" },
    { url = "https://files.pythonhosted.org/packages/57/de/f10cffe4f88a37ea6615ec460f01bf76f0bc1477737a35d9ee61a630a78b/ruff-0.16.10-py3-none-manylinux_2_17_armv7l.manylinux2014_armv7l.whl", hash = "sha256:d203abc0ff2b773ee33d00ab8df0bb67046fbc7c07b119332f08b9b345cf8221", size = 9902707, upload-time = "2026-10-01T18:02:47.041Z" },
    { url = "https://files.pythonhosted.org/packages/ff/44/3fdcedf83ae60ef837dd239170e480dce606a9142cfa2db911afdf855fd9/ruff-0.16.10-py3-none-manylinux_2_17_i686.manylinux2014_i686.whl", hash = "sha256:bd83d1235a5258d318477bc5b576303974cbdef5df0c01a1bff14efcc23bd12a", size = 10619287, upload-time = "2026-10-01T18:02:49.485Z" },
    { url = "https://files.pythonhosted.org/packages/c1/62/02e76a5574002153618eafbb70e159468addc72a5d2c488e65cbb4639d2d/ruff-0.16.10-py3-none-manylinux_2_17_ppc64le.manylinux2014_ppc64le.whl", hash = "sha256:bc2610fb269fa56dd8a68669ae470fa6272902668c0fc2ebc3aa112b2633d5b8", size = 11339942, upload-time = "2026-10-01T18:02:52.008Z" },
    { url = "https://files.pythonhosted.org/packages/6b/c4/cde27d47ad8d4126c587e608c67c46e7feac11763f606d261a1bc8a489e6/ruff-0.16.10-py3-none-manylinux_2_17_s390x.manylinux2014_s390x.whl", hash = "sha256:3e70175e29cc94c26ea296c80e470180b744b7419026898e58f520c6ab32578e", size = 10934316, upload-time = "2026-10-01T18:02:54.811Z" },
    { url = "https://files.pythonhosted.org/packages/e4/03/17234145f302a645a123e8c3bb2411ecf4669fbc350de3b0d803230a1729/ruff-0.16.10-py3-none-manylinux_2_17_x86_64.manylinux2014_x86_64.whl", hash = "sha256:f33f43a864a8483eebd160e713336c8bab02c934feaff0a33cf5ccb41546d09a", size = 10387968, upload-time = "2026-10-01T18:02:57.497Z" },
    { url = "https://files.pythonhosted.org/packages/71/29/2493af60240ee7644b38a4b821f5f9c3b5a4fa3178770fe1d0c685217395/ruff-0.16.10-py3-none-manylinux_2_31_riscv64.whl", hash = "sha256:1dfc6f0088149fb6a362c1c446bcbb3fd2157b3852fe2fa68409276eab9ad9b3", size = 10537906, upload-time = "2026-10-01T18:03:00.006Z" },
    { url = "https://files.pythonhosted.org/packages/2e/9a/f56b28f3b143bb9e518c34fb89ab191b626bca8b70dbf8af0d2e2d473572/ruff-0.16.10-py3-none-musllinux_1_2_aarch64.whl", hash = "sha256:6553498afc35f580f036030795810b9e6bcea31604b0fd9e8d352795473042e3", size = 10012938, upload-time = "2026-10-01T18:03:03.006Z" },
    { url = "https://files.pythonhosted.org/packages/c2/c4/fca37362848ea4d4d80712df13632e645e7c7cfb1bdedf140699ac7a090b/ruff-0.16.10-py3-none-musllinux_1_2_armv7l.whl", hash = "sha256:a3b8471dea115d37f123882be852bed13403746d3a76c11de4a19ec5f9ff5a03", size = 9897945, upload-time = "2026-10-01T18:03:05.818Z" },
    { url = "https://files.pythonhosted.org/packages/7d/c7/e0bc57664d6e0c61fd22f620af260fe9662d7e1ddb320ea7f160e76ef165/ruff-0.16.10-py3-none-musllinux_1_2_i686.whl", hash = "sha256:92e59a70bcbd9d3a5483656da906ec28edfdacfce00afd99edb8b4e9d15644be", size = 10333134, upload-time = "2026-10-01T18:03:08.25Z" },
    { url = "https://files.pythonhosted.org/packages/21/aa/5c9f3b68737c0e4a33a1db5dfab44f7b786d96ca91a7233112ddab1e6dc2/ruff-0.16.10-py3-none-musllinux_1_2_x86_64.whl", hash = "sha256:7ae7375f803b5520dc9f546bed7e3a0acb70b91812e9bb4b19927de22f25b77d", size = 10741702, upload-time = "2026-10-01T18:03:10.775Z" },
    { url = "https://files.pythonhosted.org/packages/78/fa/0f9c2020dc316c53d983be011720b8157cc052b97e3f4dfa7db6d0f880a6/ruff-0.16.10-py3-none-win32.whl", hash = "sha256:2a12e01cb9156c10c466f63b46eaae5ecea28dfbd21b5836353ae498e7d1349a", size = 10139176, upload-time = "2026-10-01T18:03:13.267Z" },
    { url = "https://files.pythonhosted.org/packages/99/29/cfb0df9448d4d4ad48c2de029ada9ebd71baa6da983a6c77ee6c6cd0fe82/ruff-0.16.10-py3-none-win_amd64.whl", hash = "sha256:97f2015c92aa97105b0eab19eb5d224884399281cfc5da86a92db4ab5e7fb2ca", size = 10584734, upload-time = "2026-10-01T18:03:16.006Z" },
    { url = "https://files.pythonhosted.org/packages/fc/05/c16957eb287c3fc062e032619a25868d93d408a844b725bcf514f7a378ff/ruff-0.16.10-py3-none-win_arm64.whl", hash = "sha256:25a65fe998c4e6861ec079ada5826a2fc605e6cbccbe9dcd7fac1f54e791621b", size = 10366440, upload-time = "2026-10-01T18:03:19.04Z" },
]

[[package]]
name = "ty"
version = "0.0.85"
source = { registry = "https://pypi.org/simple" }
sdist = { url = "https://files.pythonhosted.org/packages/66/8f/8de9c4ff90e7131a3c832ea074e123d551fed84c899d37a522f649ca7c6a/ty-0.0.85.tar.gz", hash = "sha256:ef442cbc2fd6dad02eb00dee4213c1e0f18e09bcbeec2cdce6aa802603c5c6bb", size = 7519853, upload-time = "2026-10-06T22:05:41.732Z" }
wheels = [
    { url = "https://files.pythonhosted.org/packages/1f/06/1716c1778088c5c8f96b248f0e0304e839ca69c096bde82b827bc00e4194/ty-0.0.85-py3-none-linux_armv6l.whl", hash = "sha256:012d71e0dcb51e74599adfb0e5c1416bdac3bf983115e42230545c782b06cfca", size = 14097338, upload-time = "2026-10-06T22:04:58.838Z" },
    { url = "https://files.pythonhosted.org/packages/4a/26/d6b2c7221096c3fa36a0afd4aa8134ffd450df63635ec3862a5a8cf6c9fd/ty-0.0.85-py3-none-macosx_10_12_x86_64.whl", hash = "sha256:391d1993ea3b26509ddb3878dbe79e4cb92487c73109893ee2e51394846e0a69", size = 13684794, upload-time = "2026-10-06T22:05:02.204Z" },
    { url = "https://files.pythonhosted.org/packages/e7/7a/dd1e2e1c54551d61451c18eeb918db833fdbc0a48022fd2bffc93c755735/ty-0.0.85-py3-none-macosx_11_0_arm64.whl", hash = "sha256:90e1bb090348cb560c7ba6109f2c898735b0520fd3114cd316d8bd80439aabb7", size = 13318789, upload-time = "2026-10-06T22:05:04.61Z" },
    { url = "https://files.pythonhosted.org/packages/ff/9c/6c4fc7badf3e1e2e160d0b5c68632d85eb48dd0341422ac44fdd855d1eaf/ty-0.0.85-py3-none-manylinux_2_17_aarch64.manylinux2014_aarch64.whl", hash = "sha256:311c131f735bf76be8852305817d5fd10165d6289c76350f6188b0749a66a7f8", size = 13526827, upload-time = "2026-10-06T22:05:07.046Z" },
    { url = "https://files.pythonhosted.org/packages/ba/e5/f6f2d279ef810d89b688425a72150bbbd84a2d6bf54eb9a5ae172f13e3a5/ty-0.0.85-py3-none-manylinux_2_17_armv7l.manylinux2014_armv7l.whl", hash = "sha256:a0971dc7b2f9e9cabdf654f53c8a40e563921227d05567b670f171cba2b3e385", size = 13823871, upload-time = "2026-10-06T22:05:09.731Z" },
    { url = "https://files.pythonhosted.org/packages/47/5d/1210c1f59e8c8c970807a2f13c180fa953ce58a6ddf28e90564db6f8890d/ty-0.0.85-py3-none-manylinux_2_17_i686.manylinux2014_i686.whl", hash = "sha256:5fada6d10172b4c88d44b1f9697c9f5f40d34f8fb40fe716da0366f094268c9b", size = 14727151, upload-time = "2026-10-06T22:05:12.299Z" },
    { url = "https://files.pythonhosted.org/packages/20/26/cdd96e45c33079174d5cd70649a5ae77758bc209f0685e8a4fecee9b7094/ty-0.0.85-py3-none-manylinux_2_17_ppc64le.manylinux2014_ppc64le.whl", hash = "sha256:d06c9aa616672e9f9856ff7b539be5c3a4719702e5636e58b4196a8c850a884b", size = 15148511, upload-time = "2026-10-06T22:05:15.304Z" },
    { url = "https://files.pythonhosted.org/packages/f0/28/fd471f2edc0f38a70f0494f9949d1983591073555d254031542c0ed29454/ty-0.0.85-py3-none-manylinux_2_17_s390x.manylinux2014_s390x.whl", hash = "sha256:2280d31c369ef61ed9a4c2399cd663340d85a5fd7965a8ad881203ea6b8b130e", size = 15090530, upload-time = "2026-10-06T22:05:17.874Z" },
    { url = "https://files.pythonhosted.org/packages/7b/4f/6ebfe4f14c399856fc80c448ab442521072f688dfde72b075d8a90d7cafa/ty-0.0.85-py3-none-manylinux_2_17_x86_64.manylinux2014_x86_64.whl", hash = "sha256:cc1fff0eab4e73fcc66df761a7a4759da04d3e9c2b82d57c628c50434e2ff0d7", size = 14322051, upload-time = "2026-10-06T22:05:20.366Z" },
    { url = "https://files.pythonhosted.org/packages/36/38/866054d20e12e72a76a37eaf60f1374f7ad4d0b973c145685782065d84cf/ty-0.0.85-py3-none-manylinux_2_31_riscv64.whl", hash = "sha256:453dcb85b5f2486ddc6ade57a50698e9a8d8e3aae34e50f0b20bc5e8c2a3bc2b", size = 14637631, upload-time = "2026-10-06T22:05:22.628Z" },
    { url = "https://files.pythonhosted.org/packages/08/16/700c730b4978de81bab82974c23db0229e58d852e10767e1f1f8b0e217db/ty-0.0.85-py3-none-musllinux_1_2_aarch64.whl", hash = "sha256:820eb594b1d30cd6a0776e59449ed6994b03c27af8da0c287ad351de193eb4a7", size = 13553358, upload-time = "2026-10-06T22:05:24.903Z" },
    { url = "https://files.pythonhosted.org/packages/2e/60/d2dda3a3443d55083429b1eccabed95cbf8769bc61c51831e0ece890780f/ty-0.0.85-py3-none-musllinux_1_2_armv7l.whl", hash = "sha256:4b76c6a2fc5974fc2c5f95156a34f44127be794f4b3dc9793aae5b6a4b774e83", size = 13837412, upload-time = "2026-10-06T22:05:27.163Z" },
    { url = "https://files.pythonhosted.org/packages/f2/54/05043adf78fa5c0440fe9b956505b24d2568da256b60e7479c691510bb92/ty-0.0.85-py3-none-musllinux_1_2_i686.whl", hash = "sha256:0e3a32de0731efce574367fdd680b7524c681909a92e6cf64bb40ad48ccbc110", size = 14167568, upload-time = "2026-10-06T22:05:29.519Z" },
    { url = "https://files.pythonhosted.org/packages/9d/31/0372621051cc807f23d2e9c55bab65818ed131852c05fbe4c65be365895e/ty-0.0.85-py3-none-musllinux_1_2_x86_64.whl", hash = "sha256:d622348c05a9fe99ad087dc93f174617a96f9fef23dd7a0acbdb0adaf8bd5ae6", size = 14489824, upload-time = "2026-10-06T22:05:32.089Z" },
    { url = "https://files.pythonhosted.org/packages/b5/64/0fca31db8c48dc72285f17b878e2c6a015279ab04a26e16f62abb384094f/ty-0.0.85-py3-none-win32.whl", hash = "sha256:0742d21a002481af8d2324b16ce5df210b5bb7673b0ea1096cfc02745c6b7280", size = 13410281, upload-time = "2026-10-06T22:05:34.418Z" },
    { url = "https://files.pythonhosted.org/packages/f6/a8/65d865185ecb18ee45b85cd99b34aedb3d8a4a9fe0438dab695e1390dbb7/ty-0.0.85-py3-none-win_amd64.whl", hash = "sha256:2636f8255b97c357dac1f9f50ca58f58a49642c8adb5c76643f483401a577014", size = 14112013, upload-time = "2026-10-06T22:05:36.946Z" },
    { url = "https://files.pythonhosted.org/packages/24/40/110b4f01af47fbb061f03e2f8e85cb30dd3d9ea614b2059dfaa058a044a5/ty-0.0.85-py3-none-win_arm64.whl", hash = "sha256:953574167a79d9dba7781238879955fa37fea405393710bfe53069ac82dff4d9", size = 13825189, upload-time = "2026-10-06T22:05:39.467Z" },
]
